{
  "name": "@mrbecek/mrbecek-tea-oss",
  "version": "1.0.0",
  "lockfileVersion": 3,
  "requires": true,
  "packages": {
    "": {
      "name": "@mrbecek/mrbecek-tea-oss",
      "version": "1.0.0",
      "license": "ISC",
      "dependencies": {
        "mrbecek-tea-oss": "^1.0.0"
      },
      "devDependencies": {}
    },
    "node_modules/mrbecek-tea-oss": {
      "resolved": "",
      "link": true
    }
  }
}
